
Microsoft Visual Studio Solution File, Format Version 12.00
# Visual Studio Version 17
VisualStudioVersion = 17.5.33424.131
MinimumVisualStudioVersion = 10.0.40219.1
Project("{FAE04EC0-301F-11D3-BF4B-00C04F79EFBC}") = "ConsoleApp5", "ConsoleApp5\ConsoleApp5.csproj", "{CC312F9E-10D2-4388-853E-A4A8C5E27F67}"
EndProject
Global
	GlobalSection(SolutionConfigurationPlatforms) = preSolution
		Debug|Any CPU = Debug|Any CPU
		Release|Any CPU = Release|Any CPU
	EndGlobalSection
	GlobalSection(ProjectConfigurationPlatforms) = postSolution
		{CC312F9E-10D2-4388-853E-A4A8C5E27F67}.Debug|Any CPU.ActiveCfg = Debug|Any CPU
		{CC312F9E-10D2-4388-853E-A4A8C5E27F67}.Debug|Any CPU.Build.0 = Debug|Any CPU
		{CC312F9E-10D2-4388-853E-A4A8C5E27F67}.Release|Any CPU.ActiveCfg = Release|Any CPU
		{CC312F9E-10D2-4388-853E-A4A8C5E27F67}.Release|Any CPU.Build.0 = Release|Any CPU
	EndGlobalSection
	GlobalSection(SolutionProperties) = preSolution
		HideSolutionNode = FALSE
	EndGlobalSection
	GlobalSection(ExtensibilityGlobals) = postSolution
		SolutionGuid = {D5EF2F30-E70A-4FA7-AFCD-E9117E7B8EF6}
	EndGlobalSection
EndGlobal
